
Microsoft Visual Studio Solution File, Format Version 12.00
# Visual Studio Version 17
VisualStudioVersion = 17.5.002.0
MinimumVisualStudioVersion = 10.0.40219.1
Project("{9A19103F-16F7-4668-BE54-9A1E7A4F7556}") = "helloworld", "helloworld.csproj", "{1FA12FDD-95A9-4945-9B61-A8B389355586}"
EndProject
Global
	GlobalSection(SolutionConfigurationPlatforms) = preSolution
		Debug|Any CPU = Debug|Any CPU
		Release|Any CPU = Release|Any CPU
	EndGlobalSection
	GlobalSection(ProjectConfigurationPlatforms) = postSolution
		{1FA12FDD-95A9-4945-9B61-A8B389355586}.Debug|Any CPU.ActiveCfg = Debug|Any CPU
		{1FA12FDD-95A9-4945-9B61-A8B389355586}.Debug|Any CPU.Build.0 = Debug|Any CPU
		{1FA12FDD-95A9-4945-9B61-A8B389355586}.Release|Any CPU.ActiveCfg = Release|Any CPU
		{1FA12FDD-95A9-4945-9B61-A8B389355586}.Release|Any CPU.Build.0 = Release|Any CPU
	EndGlobalSection
	GlobalSection(SolutionProperties) = preSolution
		HideSolutionNode = FALSE
	EndGlobalSection
	GlobalSection(ExtensibilityGlobals) = postSolution
		SolutionGuid = {8688EA91-EDFA-4631-AA06-6B9349A669B2}
	EndGlobalSection
EndGlobal
