
Microsoft Visual Studio Solution File, Format Version 12.00
# Visual Studio Version 17
VisualStudioVersion = 17.5.002.0
MinimumVisualStudioVersion = 10.0.40219.1
Project("{9A19103F-16F7-4668-BE54-9A1E7A4F7556}") = "list-collection", "list-collection.csproj", "{B530A9DD-8008-43D5-93EA-DA65BD4F628A}"
EndProject
Global
	GlobalSection(SolutionConfigurationPlatforms) = preSolution
		Debug|Any CPU = Debug|Any CPU
		Release|Any CPU = Release|Any CPU
	EndGlobalSection
	GlobalSection(ProjectConfigurationPlatforms) = postSolution
		{B530A9DD-8008-43D5-93EA-DA65BD4F628A}.Debug|Any CPU.ActiveCfg = Debug|Any CPU
		{B530A9DD-8008-43D5-93EA-DA65BD4F628A}.Debug|Any CPU.Build.0 = Debug|Any CPU
		{B530A9DD-8008-43D5-93EA-DA65BD4F628A}.Release|Any CPU.ActiveCfg = Release|Any CPU
		{B530A9DD-8008-43D5-93EA-DA65BD4F628A}.Release|Any CPU.Build.0 = Release|Any CPU
	EndGlobalSection
	GlobalSection(SolutionProperties) = preSolution
		HideSolutionNode = FALSE
	EndGlobalSection
	GlobalSection(ExtensibilityGlobals) = postSolution
		SolutionGuid = {38AE086E-C8E2-4A6A-AF1E-F954D3094855}
	EndGlobalSection
EndGlobal
