
Microsoft Visual Studio Solution File, Format Version 12.00
# Visual Studio Version 17
VisualStudioVersion = 17.5.002.0
MinimumVisualStudioVersion = 10.0.40219.1
Project("{9A19103F-16F7-4668-BE54-9A1E7A4F7556}") = "numbers", "numbers.csproj", "{7550E1F4-B577-4648-B90C-2F7EDDBD1BCC}"
EndProject
Global
	GlobalSection(SolutionConfigurationPlatforms) = preSolution
		Debug|Any CPU = Debug|Any CPU
		Release|Any CPU = Release|Any CPU
	EndGlobalSection
	GlobalSection(ProjectConfigurationPlatforms) = postSolution
		{7550E1F4-B577-4648-B90C-2F7EDDBD1BCC}.Debug|Any CPU.ActiveCfg = Debug|Any CPU
		{7550E1F4-B577-4648-B90C-2F7EDDBD1BCC}.Debug|Any CPU.Build.0 = Debug|Any CPU
		{7550E1F4-B577-4648-B90C-2F7EDDBD1BCC}.Release|Any CPU.ActiveCfg = Release|Any CPU
		{7550E1F4-B577-4648-B90C-2F7EDDBD1BCC}.Release|Any CPU.Build.0 = Release|Any CPU
	EndGlobalSection
	GlobalSection(SolutionProperties) = preSolution
		HideSolutionNode = FALSE
	EndGlobalSection
	GlobalSection(ExtensibilityGlobals) = postSolution
		SolutionGuid = {894DF5E7-3C15-4867-84B9-AA3CAF12D556}
	EndGlobalSection
EndGlobal
